
Microsoft Visual Studio Solution File, Format Version 12.00
# Visual Studio 15
VisualStudioVersion = 15.0.28307.1684
MinimumVisualStudioVersion = 10.0.40219.1
Project("{FAE04EC0-301F-11D3-BF4B-00C04F79EFBC}") = "CoreDepartman", "CoreDepartman\CoreDepartman.csproj", "{C6C96BD3-4BAA-4B88-8E86-FF6957C24837}"
EndProject
Global
	GlobalSection(SolutionConfigurationPlatforms) = preSolution
		Debug|Any CPU = Debug|Any CPU
		Release|Any CPU = Release|Any CPU
	EndGlobalSection
	GlobalSection(ProjectConfigurationPlatforms) = postSolution
		{C6C96BD3-4BAA-4B88-8E86-FF6957C24837}.Debug|Any CPU.ActiveCfg = Debug|Any CPU
		{C6C96BD3-4BAA-4B88-8E86-FF6957C24837}.Debug|Any CPU.Build.0 = Debug|Any CPU
		{C6C96BD3-4BAA-4B88-8E86-FF6957C24837}.Release|Any CPU.ActiveCfg = Release|Any CPU
		{C6C96BD3-4BAA-4B88-8E86-FF6957C24837}.Release|Any CPU.Build.0 = Release|Any CPU
	EndGlobalSection
	GlobalSection(SolutionProperties) = preSolution
		HideSolutionNode = FALSE
	EndGlobalSection
	GlobalSection(ExtensibilityGlobals) = postSolution
		SolutionGuid = {64782DD2-E3B4-4A2B-8B40-87959F378E01}
	EndGlobalSection
EndGlobal
